
Microsoft Visual Studio Solution File, Format Version 12.00
# Visual Studio Version 16
VisualStudioVersion = 16.0.29326.143
MinimumVisualStudioVersion = 10.0.40219.1
Project("{9A19103F-16F7-4668-BE54-9A1E7A4F7556}") = "CookieStorage", "CookieStorage\CookieStorage.csproj", "{99DC0D40-BC23-4C98-A65A-455B795512B1}"
EndProject
Project("{9A19103F-16F7-4668-BE54-9A1E7A4F7556}") = "CrossDomain", "CrossDomain\CrossDomain.csproj", "{30B394A5-170A-4328-8180-EB50FD0E748C}"
EndProject
Project("{9A19103F-16F7-4668-BE54-9A1E7A4F7556}") = "CustomStorage", "CustomStorage\CustomStorage.csproj", "{6F950314-68CC-47ED-B98D-5DF1A9A1CA63}"
EndProject
Project("{9A19103F-16F7-4668-BE54-9A1E7A4F7556}") = "ReactTokenSpa", "ReactTokenSpa\ReactTokenSpa.csproj", "{AD0325BB-BF0D-4A71-80E9-D8A9A5AD86F6}"
EndProject
Global
	GlobalSection(SolutionConfigurationPlatforms) = preSolution
		Debug|Any CPU = Debug|Any CPU
		Release|Any CPU = Release|Any CPU
	EndGlobalSection
	GlobalSection(ProjectConfigurationPlatforms) = postSolution
		{99DC0D40-BC23-4C98-A65A-455B795512B1}.Debug|Any CPU.ActiveCfg = Debug|Any CPU
		{99DC0D40-BC23-4C98-A65A-455B795512B1}.Debug|Any CPU.Build.0 = Debug|Any CPU
		{99DC0D40-BC23-4C98-A65A-455B795512B1}.Release|Any CPU.ActiveCfg = Release|Any CPU
		{99DC0D40-BC23-4C98-A65A-455B795512B1}.Release|Any CPU.Build.0 = Release|Any CPU
		{30B394A5-170A-4328-8180-EB50FD0E748C}.Debug|Any CPU.ActiveCfg = Debug|Any CPU
		{30B394A5-170A-4328-8180-EB50FD0E748C}.Debug|Any CPU.Build.0 = Debug|Any CPU
		{30B394A5-170A-4328-8180-EB50FD0E748C}.Release|Any CPU.ActiveCfg = Release|Any CPU
		{30B394A5-170A-4328-8180-EB50FD0E748C}.Release|Any CPU.Build.0 = Release|Any CPU
		{6F950314-68CC-47ED-B98D-5DF1A9A1CA63}.Debug|Any CPU.ActiveCfg = Debug|Any CPU
		{6F950314-68CC-47ED-B98D-5DF1A9A1CA63}.Debug|Any CPU.Build.0 = Debug|Any CPU
		{6F950314-68CC-47ED-B98D-5DF1A9A1CA63}.Release|Any CPU.ActiveCfg = Release|Any CPU
		{6F950314-68CC-47ED-B98D-5DF1A9A1CA63}.Release|Any CPU.Build.0 = Release|Any CPU
		{AD0325BB-BF0D-4A71-80E9-D8A9A5AD86F6}.Debug|Any CPU.ActiveCfg = Debug|Any CPU
		{AD0325BB-BF0D-4A71-80E9-D8A9A5AD86F6}.Debug|Any CPU.Build.0 = Debug|Any CPU
		{AD0325BB-BF0D-4A71-80E9-D8A9A5AD86F6}.Release|Any CPU.ActiveCfg = Release|Any CPU
		{AD0325BB-BF0D-4A71-80E9-D8A9A5AD86F6}.Release|Any CPU.Build.0 = Release|Any CPU
	EndGlobalSection
	GlobalSection(SolutionProperties) = preSolution
		HideSolutionNode = FALSE
	EndGlobalSection
	GlobalSection(ExtensibilityGlobals) = postSolution
		SolutionGuid = {5BBBFE90-C331-47A1-8CC9-02FA8EBA6928}
	EndGlobalSection
EndGlobal
