
Microsoft Visual Studio Solution File, Format Version 12.00
# Visual Studio 15
VisualStudioVersion = 15.0.26730.12
MinimumVisualStudioVersion = 10.0.40219.1
Project("{9A19103F-16F7-4668-BE54-9A1E7A4F7556}") = "MVC (NET Framework)", "MVC\MVC (NET Framework).csproj", "{4758076E-4AFD-42DA-B7C7-14F4F16AC236}"
EndProject
Project("{9A19103F-16F7-4668-BE54-9A1E7A4F7556}") = "MVC (NET Standard)", "MVC\MVC (NET Standard).csproj", "{29923385-D7FE-43D5-A295-29FB102EE052}"
EndProject
Project("{9A19103F-16F7-4668-BE54-9A1E7A4F7556}") = "JavaScript", "JavaScript\JavaScript.csproj", "{A875F961-8137-451E-8D01-3B327B63BBA5}"
EndProject
Global
	GlobalSection(SolutionConfigurationPlatforms) = preSolution
		Debug|Any CPU = Debug|Any CPU
		Release|Any CPU = Release|Any CPU
	EndGlobalSection
	GlobalSection(ProjectConfigurationPlatforms) = postSolution
		{4758076E-4AFD-42DA-B7C7-14F4F16AC236}.Debug|Any CPU.ActiveCfg = Debug|Any CPU
		{4758076E-4AFD-42DA-B7C7-14F4F16AC236}.Debug|Any CPU.Build.0 = Debug|Any CPU
		{4758076E-4AFD-42DA-B7C7-14F4F16AC236}.Release|Any CPU.ActiveCfg = Release|Any CPU
		{4758076E-4AFD-42DA-B7C7-14F4F16AC236}.Release|Any CPU.Build.0 = Release|Any CPU
		{29923385-D7FE-43D5-A295-29FB102EE052}.Debug|Any CPU.ActiveCfg = Debug|Any CPU
		{29923385-D7FE-43D5-A295-29FB102EE052}.Debug|Any CPU.Build.0 = Debug|Any CPU
		{29923385-D7FE-43D5-A295-29FB102EE052}.Release|Any CPU.ActiveCfg = Release|Any CPU
		{29923385-D7FE-43D5-A295-29FB102EE052}.Release|Any CPU.Build.0 = Release|Any CPU
		{A875F961-8137-451E-8D01-3B327B63BBA5}.Debug|Any CPU.ActiveCfg = Debug|Any CPU
		{A875F961-8137-451E-8D01-3B327B63BBA5}.Debug|Any CPU.Build.0 = Debug|Any CPU
		{A875F961-8137-451E-8D01-3B327B63BBA5}.Release|Any CPU.ActiveCfg = Release|Any CPU
		{A875F961-8137-451E-8D01-3B327B63BBA5}.Release|Any CPU.Build.0 = Release|Any CPU
	EndGlobalSection
	GlobalSection(SolutionProperties) = preSolution
		HideSolutionNode = FALSE
	EndGlobalSection
	GlobalSection(ExtensibilityGlobals) = postSolution
		SolutionGuid = {7A861C8D-CD6B-40D1-867E-59BEE9724C8F}
	EndGlobalSection
EndGlobal
