
Microsoft Visual Studio Solution File, Format Version 12.00
# Visual Studio Version 16
VisualStudioVersion = 16.0.30128.74
MinimumVisualStudioVersion = 10.0.40219.1
Project("{9A19103F-16F7-4668-BE54-9A1E7A4F7556}") = "QueryBuilderApi", "QueryBuilderApi.csproj", "{2D4BA36B-68D0-4765-A47D-0992DE3F174C}"
EndProject
Project("{9A19103F-16F7-4668-BE54-9A1E7A4F7556}") = "Server.NETCore", "..\..\..\..\..\Common\Server\Server.NETCore.csproj", "{2BF7CBC8-BC98-4D74-A174-E64C8DA3AB56}"
EndProject
Project("{9A19103F-16F7-4668-BE54-9A1E7A4F7556}") = "Core", "..\..\..\..\..\Common\Core(NET_Framework)\Core.csproj", "{15655514-BA3A-478A-B4DD-8A12E8138B33}"
EndProject
Project("{9A19103F-16F7-4668-BE54-9A1E7A4F7556}") = "QueryBuilder.Core.NETCore", "..\..\..\..\..\..\..\ActiveQueryBuilderNET_3.0\QueryBuilder.Core\QueryBuilder.Core.NETCore.csproj", "{AACE4E85-3DD5-4549-8F85-45F47E56E8B5}"
EndProject
Project("{9A19103F-16F7-4668-BE54-9A1E7A4F7556}") = "QueryBuilder.View.NETCore", "..\..\..\..\..\..\..\ActiveQueryBuilderNET_3.0\QueryBuilder.View\QueryBuilder.View.NETCore.csproj", "{002732A9-C9F3-4C05-9D06-37C4E445B991}"
EndProject
Global
	GlobalSection(SolutionConfigurationPlatforms) = preSolution
		Debug_PRO|Any CPU = Debug_PRO|Any CPU
		Debug_STD|Any CPU = Debug_STD|Any CPU
		Debug_TRIAL|Any CPU = Debug_TRIAL|Any CPU
		Debug|Any CPU = Debug|Any CPU
		Docker|Any CPU = Docker|Any CPU
		Release_CORP|Any CPU = Release_CORP|Any CPU
		Release_PRO|Any CPU = Release_PRO|Any CPU
		Release_STD|Any CPU = Release_STD|Any CPU
		Release_TRIAL|Any CPU = Release_TRIAL|Any CPU
		Release|Any CPU = Release|Any CPU
		Webpack|Any CPU = Webpack|Any CPU
	EndGlobalSection
	GlobalSection(ProjectConfigurationPlatforms) = postSolution
		{2D4BA36B-68D0-4765-A47D-0992DE3F174C}.Debug_PRO|Any CPU.ActiveCfg = Debug|Any CPU
		{2D4BA36B-68D0-4765-A47D-0992DE3F174C}.Debug_PRO|Any CPU.Build.0 = Debug|Any CPU
		{2D4BA36B-68D0-4765-A47D-0992DE3F174C}.Debug_STD|Any CPU.ActiveCfg = Debug|Any CPU
		{2D4BA36B-68D0-4765-A47D-0992DE3F174C}.Debug_STD|Any CPU.Build.0 = Debug|Any CPU
		{2D4BA36B-68D0-4765-A47D-0992DE3F174C}.Debug_TRIAL|Any CPU.ActiveCfg = Debug|Any CPU
		{2D4BA36B-68D0-4765-A47D-0992DE3F174C}.Debug_TRIAL|Any CPU.Build.0 = Debug|Any CPU
		{2D4BA36B-68D0-4765-A47D-0992DE3F174C}.Debug|Any CPU.ActiveCfg = Debug|Any CPU
		{2D4BA36B-68D0-4765-A47D-0992DE3F174C}.Debug|Any CPU.Build.0 = Debug|Any CPU
		{2D4BA36B-68D0-4765-A47D-0992DE3F174C}.Docker|Any CPU.ActiveCfg = Docker|Any CPU
		{2D4BA36B-68D0-4765-A47D-0992DE3F174C}.Docker|Any CPU.Build.0 = Docker|Any CPU
		{2D4BA36B-68D0-4765-A47D-0992DE3F174C}.Release_CORP|Any CPU.ActiveCfg = Release|Any CPU
		{2D4BA36B-68D0-4765-A47D-0992DE3F174C}.Release_CORP|Any CPU.Build.0 = Release|Any CPU
		{2D4BA36B-68D0-4765-A47D-0992DE3F174C}.Release_PRO|Any CPU.ActiveCfg = Release|Any CPU
		{2D4BA36B-68D0-4765-A47D-0992DE3F174C}.Release_PRO|Any CPU.Build.0 = Release|Any CPU
		{2D4BA36B-68D0-4765-A47D-0992DE3F174C}.Release_STD|Any CPU.ActiveCfg = Release|Any CPU
		{2D4BA36B-68D0-4765-A47D-0992DE3F174C}.Release_STD|Any CPU.Build.0 = Release|Any CPU
		{2D4BA36B-68D0-4765-A47D-0992DE3F174C}.Release_TRIAL|Any CPU.ActiveCfg = Release|Any CPU
		{2D4BA36B-68D0-4765-A47D-0992DE3F174C}.Release_TRIAL|Any CPU.Build.0 = Release|Any CPU
		{2D4BA36B-68D0-4765-A47D-0992DE3F174C}.Release|Any CPU.ActiveCfg = Release|Any CPU
		{2D4BA36B-68D0-4765-A47D-0992DE3F174C}.Release|Any CPU.Build.0 = Release|Any CPU
		{2D4BA36B-68D0-4765-A47D-0992DE3F174C}.Webpack|Any CPU.ActiveCfg = Docker|Any CPU
		{2D4BA36B-68D0-4765-A47D-0992DE3F174C}.Webpack|Any CPU.Build.0 = Docker|Any CPU
		{2BF7CBC8-BC98-4D74-A174-E64C8DA3AB56}.Debug_PRO|Any CPU.ActiveCfg = Debug|Any CPU
		{2BF7CBC8-BC98-4D74-A174-E64C8DA3AB56}.Debug_PRO|Any CPU.Build.0 = Debug|Any CPU
		{2BF7CBC8-BC98-4D74-A174-E64C8DA3AB56}.Debug_STD|Any CPU.ActiveCfg = Debug|Any CPU
		{2BF7CBC8-BC98-4D74-A174-E64C8DA3AB56}.Debug_STD|Any CPU.Build.0 = Debug|Any CPU
		{2BF7CBC8-BC98-4D74-A174-E64C8DA3AB56}.Debug_TRIAL|Any CPU.ActiveCfg = Debug|Any CPU
		{2BF7CBC8-BC98-4D74-A174-E64C8DA3AB56}.Debug_TRIAL|Any CPU.Build.0 = Debug|Any CPU
		{2BF7CBC8-BC98-4D74-A174-E64C8DA3AB56}.Debug|Any CPU.ActiveCfg = Debug|Any CPU
		{2BF7CBC8-BC98-4D74-A174-E64C8DA3AB56}.Debug|Any CPU.Build.0 = Debug|Any CPU
		{2BF7CBC8-BC98-4D74-A174-E64C8DA3AB56}.Docker|Any CPU.ActiveCfg = Debug|Any CPU
		{2BF7CBC8-BC98-4D74-A174-E64C8DA3AB56}.Docker|Any CPU.Build.0 = Debug|Any CPU
		{2BF7CBC8-BC98-4D74-A174-E64C8DA3AB56}.Release_CORP|Any CPU.ActiveCfg = Release_CORP|Any CPU
		{2BF7CBC8-BC98-4D74-A174-E64C8DA3AB56}.Release_CORP|Any CPU.Build.0 = Release_CORP|Any CPU
		{2BF7CBC8-BC98-4D74-A174-E64C8DA3AB56}.Release_PRO|Any CPU.ActiveCfg = Release_PRO|Any CPU
		{2BF7CBC8-BC98-4D74-A174-E64C8DA3AB56}.Release_PRO|Any CPU.Build.0 = Release_PRO|Any CPU
		{2BF7CBC8-BC98-4D74-A174-E64C8DA3AB56}.Release_STD|Any CPU.ActiveCfg = Release_STD|Any CPU
		{2BF7CBC8-BC98-4D74-A174-E64C8DA3AB56}.Release_STD|Any CPU.Build.0 = Release_STD|Any CPU
		{2BF7CBC8-BC98-4D74-A174-E64C8DA3AB56}.Release_TRIAL|Any CPU.ActiveCfg = Release_TRIAL|Any CPU
		{2BF7CBC8-BC98-4D74-A174-E64C8DA3AB56}.Release_TRIAL|Any CPU.Build.0 = Release_TRIAL|Any CPU
		{2BF7CBC8-BC98-4D74-A174-E64C8DA3AB56}.Release|Any CPU.ActiveCfg = Release_CORP|Any CPU
		{2BF7CBC8-BC98-4D74-A174-E64C8DA3AB56}.Release|Any CPU.Build.0 = Release_CORP|Any CPU
		{2BF7CBC8-BC98-4D74-A174-E64C8DA3AB56}.Webpack|Any CPU.ActiveCfg = Webpack|Any CPU
		{2BF7CBC8-BC98-4D74-A174-E64C8DA3AB56}.Webpack|Any CPU.Build.0 = Webpack|Any CPU
		{15655514-BA3A-478A-B4DD-8A12E8138B33}.Debug_PRO|Any CPU.ActiveCfg = Debug|Any CPU
		{15655514-BA3A-478A-B4DD-8A12E8138B33}.Debug_PRO|Any CPU.Build.0 = Debug|Any CPU
		{15655514-BA3A-478A-B4DD-8A12E8138B33}.Debug_STD|Any CPU.ActiveCfg = Debug|Any CPU
		{15655514-BA3A-478A-B4DD-8A12E8138B33}.Debug_STD|Any CPU.Build.0 = Debug|Any CPU
		{15655514-BA3A-478A-B4DD-8A12E8138B33}.Debug_TRIAL|Any CPU.ActiveCfg = Debug|Any CPU
		{15655514-BA3A-478A-B4DD-8A12E8138B33}.Debug_TRIAL|Any CPU.Build.0 = Debug|Any CPU
		{15655514-BA3A-478A-B4DD-8A12E8138B33}.Debug|Any CPU.ActiveCfg = Debug|Any CPU
		{15655514-BA3A-478A-B4DD-8A12E8138B33}.Debug|Any CPU.Build.0 = Debug|Any CPU
		{15655514-BA3A-478A-B4DD-8A12E8138B33}.Docker|Any CPU.ActiveCfg = Debug|Any CPU
		{15655514-BA3A-478A-B4DD-8A12E8138B33}.Docker|Any CPU.Build.0 = Debug|Any CPU
		{15655514-BA3A-478A-B4DD-8A12E8138B33}.Release_CORP|Any CPU.ActiveCfg = Release_CORP|Any CPU
		{15655514-BA3A-478A-B4DD-8A12E8138B33}.Release_CORP|Any CPU.Build.0 = Release_CORP|Any CPU
		{15655514-BA3A-478A-B4DD-8A12E8138B33}.Release_PRO|Any CPU.ActiveCfg = Release_PRO|Any CPU
		{15655514-BA3A-478A-B4DD-8A12E8138B33}.Release_PRO|Any CPU.Build.0 = Release_PRO|Any CPU
		{15655514-BA3A-478A-B4DD-8A12E8138B33}.Release_STD|Any CPU.ActiveCfg = Release_STD|Any CPU
		{15655514-BA3A-478A-B4DD-8A12E8138B33}.Release_STD|Any CPU.Build.0 = Release_STD|Any CPU
		{15655514-BA3A-478A-B4DD-8A12E8138B33}.Release_TRIAL|Any CPU.ActiveCfg = Release_TRIAL|Any CPU
		{15655514-BA3A-478A-B4DD-8A12E8138B33}.Release_TRIAL|Any CPU.Build.0 = Release_TRIAL|Any CPU
		{15655514-BA3A-478A-B4DD-8A12E8138B33}.Release|Any CPU.ActiveCfg = Release_CORP|Any CPU
		{15655514-BA3A-478A-B4DD-8A12E8138B33}.Release|Any CPU.Build.0 = Release_CORP|Any CPU
		{15655514-BA3A-478A-B4DD-8A12E8138B33}.Webpack|Any CPU.ActiveCfg = Release_CORP|Any CPU
		{15655514-BA3A-478A-B4DD-8A12E8138B33}.Webpack|Any CPU.Build.0 = Release_CORP|Any CPU
		{AACE4E85-3DD5-4549-8F85-45F47E56E8B5}.Debug_PRO|Any CPU.ActiveCfg = Debug_PRO|Any CPU
		{AACE4E85-3DD5-4549-8F85-45F47E56E8B5}.Debug_PRO|Any CPU.Build.0 = Debug_PRO|Any CPU
		{AACE4E85-3DD5-4549-8F85-45F47E56E8B5}.Debug_STD|Any CPU.ActiveCfg = Debug_STD|Any CPU
		{AACE4E85-3DD5-4549-8F85-45F47E56E8B5}.Debug_STD|Any CPU.Build.0 = Debug_STD|Any CPU
		{AACE4E85-3DD5-4549-8F85-45F47E56E8B5}.Debug_TRIAL|Any CPU.ActiveCfg = Debug_TRIAL|Any CPU
		{AACE4E85-3DD5-4549-8F85-45F47E56E8B5}.Debug_TRIAL|Any CPU.Build.0 = Debug_TRIAL|Any CPU
		{AACE4E85-3DD5-4549-8F85-45F47E56E8B5}.Debug|Any CPU.ActiveCfg = Debug_PRO|Any CPU
		{AACE4E85-3DD5-4549-8F85-45F47E56E8B5}.Debug|Any CPU.Build.0 = Debug_PRO|Any CPU
		{AACE4E85-3DD5-4549-8F85-45F47E56E8B5}.Docker|Any CPU.ActiveCfg = Debug_PRO|Any CPU
		{AACE4E85-3DD5-4549-8F85-45F47E56E8B5}.Docker|Any CPU.Build.0 = Debug_PRO|Any CPU
		{AACE4E85-3DD5-4549-8F85-45F47E56E8B5}.Release_CORP|Any CPU.ActiveCfg = Release_CORP|Any CPU
		{AACE4E85-3DD5-4549-8F85-45F47E56E8B5}.Release_CORP|Any CPU.Build.0 = Release_CORP|Any CPU
		{AACE4E85-3DD5-4549-8F85-45F47E56E8B5}.Release_PRO|Any CPU.ActiveCfg = Release_PRO|Any CPU
		{AACE4E85-3DD5-4549-8F85-45F47E56E8B5}.Release_PRO|Any CPU.Build.0 = Release_PRO|Any CPU
		{AACE4E85-3DD5-4549-8F85-45F47E56E8B5}.Release_STD|Any CPU.ActiveCfg = Release_STD|Any CPU
		{AACE4E85-3DD5-4549-8F85-45F47E56E8B5}.Release_STD|Any CPU.Build.0 = Release_STD|Any CPU
		{AACE4E85-3DD5-4549-8F85-45F47E56E8B5}.Release_TRIAL|Any CPU.ActiveCfg = Release_TRIAL|Any CPU
		{AACE4E85-3DD5-4549-8F85-45F47E56E8B5}.Release_TRIAL|Any CPU.Build.0 = Release_TRIAL|Any CPU
		{AACE4E85-3DD5-4549-8F85-45F47E56E8B5}.Release|Any CPU.ActiveCfg = Release_CORP|Any CPU
		{AACE4E85-3DD5-4549-8F85-45F47E56E8B5}.Release|Any CPU.Build.0 = Release_CORP|Any CPU
		{AACE4E85-3DD5-4549-8F85-45F47E56E8B5}.Webpack|Any CPU.ActiveCfg = Release_CORP|Any CPU
		{AACE4E85-3DD5-4549-8F85-45F47E56E8B5}.Webpack|Any CPU.Build.0 = Release_CORP|Any CPU
		{002732A9-C9F3-4C05-9D06-37C4E445B991}.Debug_PRO|Any CPU.ActiveCfg = Debug_PRO|Any CPU
		{002732A9-C9F3-4C05-9D06-37C4E445B991}.Debug_PRO|Any CPU.Build.0 = Debug_PRO|Any CPU
		{002732A9-C9F3-4C05-9D06-37C4E445B991}.Debug_STD|Any CPU.ActiveCfg = Debug_STD|Any CPU
		{002732A9-C9F3-4C05-9D06-37C4E445B991}.Debug_STD|Any CPU.Build.0 = Debug_STD|Any CPU
		{002732A9-C9F3-4C05-9D06-37C4E445B991}.Debug_TRIAL|Any CPU.ActiveCfg = Debug_TRIAL|Any CPU
		{002732A9-C9F3-4C05-9D06-37C4E445B991}.Debug_TRIAL|Any CPU.Build.0 = Debug_TRIAL|Any CPU
		{002732A9-C9F3-4C05-9D06-37C4E445B991}.Debug|Any CPU.ActiveCfg = Debug_PRO|Any CPU
		{002732A9-C9F3-4C05-9D06-37C4E445B991}.Debug|Any CPU.Build.0 = Debug_PRO|Any CPU
		{002732A9-C9F3-4C05-9D06-37C4E445B991}.Docker|Any CPU.ActiveCfg = Debug_PRO|Any CPU
		{002732A9-C9F3-4C05-9D06-37C4E445B991}.Docker|Any CPU.Build.0 = Debug_PRO|Any CPU
		{002732A9-C9F3-4C05-9D06-37C4E445B991}.Release_CORP|Any CPU.ActiveCfg = Release_CORP|Any CPU
		{002732A9-C9F3-4C05-9D06-37C4E445B991}.Release_CORP|Any CPU.Build.0 = Release_CORP|Any CPU
		{002732A9-C9F3-4C05-9D06-37C4E445B991}.Release_PRO|Any CPU.ActiveCfg = Release_PRO|Any CPU
		{002732A9-C9F3-4C05-9D06-37C4E445B991}.Release_PRO|Any CPU.Build.0 = Release_PRO|Any CPU
		{002732A9-C9F3-4C05-9D06-37C4E445B991}.Release_STD|Any CPU.ActiveCfg = Release_STD|Any CPU
		{002732A9-C9F3-4C05-9D06-37C4E445B991}.Release_STD|Any CPU.Build.0 = Release_STD|Any CPU
		{002732A9-C9F3-4C05-9D06-37C4E445B991}.Release_TRIAL|Any CPU.ActiveCfg = Release_TRIAL|Any CPU
		{002732A9-C9F3-4C05-9D06-37C4E445B991}.Release_TRIAL|Any CPU.Build.0 = Release_TRIAL|Any CPU
		{002732A9-C9F3-4C05-9D06-37C4E445B991}.Release|Any CPU.ActiveCfg = Release_CORP|Any CPU
		{002732A9-C9F3-4C05-9D06-37C4E445B991}.Release|Any CPU.Build.0 = Release_CORP|Any CPU
		{002732A9-C9F3-4C05-9D06-37C4E445B991}.Webpack|Any CPU.ActiveCfg = Release_CORP|Any CPU
		{002732A9-C9F3-4C05-9D06-37C4E445B991}.Webpack|Any CPU.Build.0 = Release_CORP|Any CPU
	EndGlobalSection
	GlobalSection(SolutionProperties) = preSolution
		HideSolutionNode = FALSE
	EndGlobalSection
	GlobalSection(ExtensibilityGlobals) = postSolution
		SolutionGuid = {A494814A-A698-4BAE-83B5-2FA1BF3FDF28}
	EndGlobalSection
EndGlobal
